
Microsoft Visual Studio Solution File, Format Version 12.00
# Visual Studio 15
VisualStudioVersion = 15.0.28307.168
MinimumVisualStudioVersion = 10.0.40219.1
Project("{FAE04EC0-301F-11D3-BF4B-00C04F79EFBC}") = "BudkaSuflera", "BudkaSuflera.csproj", "{1EB87BD2-A8CC-4CE8-B31E-A9D3736F489D}"
EndProject
Project("{FAE04EC0-301F-11D3-BF4B-00C04F79EFBC}") = "BudkaSufleraTest", "..\BudkaSufleraTest\BudkaSufleraTest.csproj", "{BBD979C3-915B-4A9D-9BDE-A0F0BE216857}"
EndProject
Global
	GlobalSection(SolutionConfigurationPlatforms) = preSolution
		Debug|Any CPU = Debug|Any CPU
		Release|Any CPU = Release|Any CPU
	EndGlobalSection
	GlobalSection(ProjectConfigurationPlatforms) = postSolution
		{1EB87BD2-A8CC-4CE8-B31E-A9D3736F489D}.Debug|Any CPU.ActiveCfg = Debug|Any CPU
		{1EB87BD2-A8CC-4CE8-B31E-A9D3736F489D}.Debug|Any CPU.Build.0 = Debug|Any CPU
		{1EB87BD2-A8CC-4CE8-B31E-A9D3736F489D}.Release|Any CPU.ActiveCfg = Release|Any CPU
		{1EB87BD2-A8CC-4CE8-B31E-A9D3736F489D}.Release|Any CPU.Build.0 = Release|Any CPU
		{BBD979C3-915B-4A9D-9BDE-A0F0BE216857}.Debug|Any CPU.ActiveCfg = Debug|Any CPU
		{BBD979C3-915B-4A9D-9BDE-A0F0BE216857}.Debug|Any CPU.Build.0 = Debug|Any CPU
		{BBD979C3-915B-4A9D-9BDE-A0F0BE216857}.Release|Any CPU.ActiveCfg = Release|Any CPU
		{BBD979C3-915B-4A9D-9BDE-A0F0BE216857}.Release|Any CPU.Build.0 = Release|Any CPU
	EndGlobalSection
	GlobalSection(SolutionProperties) = preSolution
		HideSolutionNode = FALSE
	EndGlobalSection
	GlobalSection(ExtensibilityGlobals) = postSolution
		SolutionGuid = {802D6724-9412-4578-9A50-9CE16BCEE4E5}
	EndGlobalSection
EndGlobal
